
Microsoft Visual Studio Solution File, Format Version 12.00
# Visual Studio Version 17
VisualStudioVersion = 17.9.34728.123
MinimumVisualStudioVersion = 10.0.40219.1
Project("{FAE04EC0-301F-11D3-BF4B-00C04F79EFBC}") = "gitHub_rensyu", "gitHub_rensyu\gitHub_rensyu.csproj", "{A13353DC-34D6-4DAF-BF7A-7080BAD6461F}"
EndProject
Global
	GlobalSection(SolutionConfigurationPlatforms) = preSolution
		Debug|Any CPU = Debug|Any CPU
		Release|Any CPU = Release|Any CPU
	EndGlobalSection
	GlobalSection(ProjectConfigurationPlatforms) = postSolution
		{A13353DC-34D6-4DAF-BF7A-7080BAD6461F}.Debug|Any CPU.ActiveCfg = Debug|Any CPU
		{A13353DC-34D6-4DAF-BF7A-7080BAD6461F}.Debug|Any CPU.Build.0 = Debug|Any CPU
		{A13353DC-34D6-4DAF-BF7A-7080BAD6461F}.Release|Any CPU.ActiveCfg = Release|Any CPU
		{A13353DC-34D6-4DAF-BF7A-7080BAD6461F}.Release|Any CPU.Build.0 = Release|Any CPU
	EndGlobalSection
	GlobalSection(SolutionProperties) = preSolution
		HideSolutionNode = FALSE
	EndGlobalSection
	GlobalSection(ExtensibilityGlobals) = postSolution
		SolutionGuid = {B564F213-B98C-492F-A836-B0BFD174DEDF}
	EndGlobalSection
EndGlobal
